<Solution>
  <Folder Name="/Shared/">
    <Project Path="src/Shared/TaskFlow.Observability/TaskFlow.Observability.csproj" />
    <Project Path="src/Shared/TaskFlow.Contracts.Grpc/TaskFlow.Contracts.Grpc.csproj" />
  </Folder>
  <Folder Name="/Domain/">
    <Project Path="src/Domain/TaskFlow.Domain.Shared/TaskFlow.Domain.Shared.csproj" />
    <Project Path="src/Domain/TaskFlow.Domain.Model/TaskFlow.Domain.Model.csproj" />
  </Folder>
  <Folder Name="/Application/">
    <Project Path="src/Application/TaskFlow.Application.Contracts/TaskFlow.Application.Contracts.csproj" />
    <Project Path="src/Application/TaskFlow.Application.Models/TaskFlow.Application.Models.csproj" />
    <Project Path="src/Application/TaskFlow.Application.Mappers/TaskFlow.Application.Mappers.csproj" />
    <Project Path="src/Application/TaskFlow.Application.Services/TaskFlow.Application.Services.csproj" />
    <Project Path="src/Application/TaskFlow.Application.Cqrs/TaskFlow.Application.Cqrs.csproj" />
    <Project Path="src/Application/TaskFlow.Application.MessageHandlers/TaskFlow.Application.MessageHandlers.csproj" />
  </Folder>
  <Folder Name="/Infrastructure/">
    <Project Path="src/Infrastructure/TaskFlow.Infrastructure.Data/TaskFlow.Infrastructure.Data.csproj" />
    <Project Path="src/Infrastructure/TaskFlow.Infrastructure.Data.Migrations.SqlServer/TaskFlow.Infrastructure.Data.Migrations.SqlServer.csproj" />
    <Project Path="src/Infrastructure/TaskFlow.Infrastructure.Data.Migrations.PostgreSql/TaskFlow.Infrastructure.Data.Migrations.PostgreSql.csproj" />
    <Project Path="src/Infrastructure/TaskFlow.Infrastructure.Repositories/TaskFlow.Infrastructure.Repositories.csproj" />
    <Project Path="src/Infrastructure/TaskFlow.Infrastructure.AI/TaskFlow.Infrastructure.AI.csproj" />
    <Project Path="src/Infrastructure/TaskFlow.Infrastructure.Caching/TaskFlow.Infrastructure.Caching.csproj" />
    <Project Path="src/Infrastructure/TaskFlow.Infrastructure.Storage/TaskFlow.Infrastructure.Storage.csproj" />
    <Project Path="src/Infrastructure/TaskFlow.Infrastructure.Messaging.RabbitMq/TaskFlow.Infrastructure.Messaging.RabbitMq.csproj" />
  </Folder>
  <Folder Name="/Host/">
    <Project Path="src/Host/TaskFlow.Bootstrapper/TaskFlow.Bootstrapper.csproj" />
    <Project Path="src/Host/TaskFlow.Api/TaskFlow.Api.csproj" />
    <Project Path="src/Host/TaskFlow.DatabaseMigrator/TaskFlow.DatabaseMigrator.csproj" />
    <Project Path="src/Host/TaskFlow.Scheduler/TaskFlow.Scheduler.csproj" />
    <Project Path="src/Host/TaskFlow.Gateway/TaskFlow.Gateway.csproj" />
    <Project Path="src/Host/TaskFlow.Functions/TaskFlow.Functions.csproj" />
    <Project Path="src/Host/TaskFlow.Uno.WasmHost/TaskFlow.Uno.WasmHost.csproj" />
  </Folder>
  <Folder Name="/Host/Aspire/">
    <Project Path="src/Host/Aspire/AppHost/AppHost.csproj" />
    <Project Path="src/Host/Aspire/ServiceDefaults/ServiceDefaults.csproj" />
  </Folder>
  <Folder Name="/UI/">
    <Project Path="src/UI/TaskFlow.ApiClient/TaskFlow.ApiClient.csproj" />
    <Project Path="src/UI/TaskFlow.Uno/TaskFlow.Uno.csproj" />
    <Project Path="src/UI/TaskFlow.Uno.Core/TaskFlow.Uno.Core.csproj" />
    <Project Path="src/UI/TaskFlow.Uno.Presentation/TaskFlow.Uno.Presentation.csproj" />
    <Project Path="src/UI/TaskFlow.Blazor/TaskFlow.Blazor.csproj" />
  </Folder>
  <Folder Name="/Tests/">
    <Project Path="tests/Test.Support/Test.Support.csproj" />
    <Project Path="tests/Test.Unit/Test.Unit.csproj" />
    <Project Path="tests/Test.UI/Test.UI.csproj" />
    <Project Path="tests/Test.Integration/Test.Integration.csproj" />
    <Project Path="tests/Test.Aspire/Test.Aspire.csproj" />
    <Project Path="tests/Test.FoundryLocal/Test.FoundryLocal.csproj" />
    <Project Path="tests/Test.PlaywrightUI/Test.PlaywrightUI.csproj" />
    <Project Path="tests/Test.Integration.FlowEngine/Test.Integration.FlowEngine.csproj" />
    <Project Path="tests/Test.Endpoints/Test.Endpoints.csproj" />
    <Project Path="tests/Test.Architecture/Test.Architecture.csproj" />
    <Project Path="tests/Test.Load/Test.Load.csproj" />
    <Project Path="tests/Test.Benchmarks/Test.Benchmarks.csproj" />
    <Project Path="tests/Test.E2E/Test.E2E.csproj" />
    <Project Path="tests/Test.Mobile/Test.Mobile.csproj" />
    <Project Path="tests/Test.Mutation/Test.Mutation.csproj" />
  </Folder>
</Solution>
